
Microsoft Visual Studio Solution File, Format Version 12.00
# Visual Studio Version 17
VisualStudioVersion = 17.7.34302.85
MinimumVisualStudioVersion = 10.0.40219.1
Project("{8BC9CEB8-8B4A-11D0-8D11-00A0C91BC942}") = "Tehtävä 1", "Project1\Project1.vcxproj", "{7E92726A-424C-4A8A-B548-50426C84EBB8}"
EndProject
Project("{8BC9CEB8-8B4A-11D0-8D11-00A0C91BC942}") = "Tehtävä 2", "Tehtävä 2\Tehtävä 2.vcxproj", "{21B1FF71-A2E5-4830-9770-F9813C36D0A9}"
EndProject
Project("{8BC9CEB8-8B4A-11D0-8D11-00A0C91BC942}") = "Tehtävä 3", "Tehtävä 3\Tehtävä 3.vcxproj", "{66D46B4F-4D80-44DE-A3E5-C0C74EB5D00D}"
EndProject
Global
	GlobalSection(SolutionConfigurationPlatforms) = preSolution
		Debug|x64 = Debug|x64
		Debug|x86 = Debug|x86
		Release|x64 = Release|x64
		Release|x86 = Release|x86
	EndGlobalSection
	GlobalSection(ProjectConfigurationPlatforms) = postSolution
		{7E92726A-424C-4A8A-B548-50426C84EBB8}.Debug|x64.ActiveCfg = Debug|x64
		{7E92726A-424C-4A8A-B548-50426C84EBB8}.Debug|x64.Build.0 = Debug|x64
		{7E92726A-424C-4A8A-B548-50426C84EBB8}.Debug|x86.ActiveCfg = Debug|Win32
		{7E92726A-424C-4A8A-B548-50426C84EBB8}.Debug|x86.Build.0 = Debug|Win32
		{7E92726A-424C-4A8A-B548-50426C84EBB8}.Release|x64.ActiveCfg = Release|x64
		{7E92726A-424C-4A8A-B548-50426C84EBB8}.Release|x64.Build.0 = Release|x64
		{7E92726A-424C-4A8A-B548-50426C84EBB8}.Release|x86.ActiveCfg = Release|Win32
		{7E92726A-424C-4A8A-B548-50426C84EBB8}.Release|x86.Build.0 = Release|Win32
		{21B1FF71-A2E5-4830-9770-F9813C36D0A9}.Debug|x64.ActiveCfg = Debug|x64
		{21B1FF71-A2E5-4830-9770-F9813C36D0A9}.Debug|x64.Build.0 = Debug|x64
		{21B1FF71-A2E5-4830-9770-F9813C36D0A9}.Debug|x86.ActiveCfg = Debug|Win32
		{21B1FF71-A2E5-4830-9770-F9813C36D0A9}.Debug|x86.Build.0 = Debug|Win32
		{21B1FF71-A2E5-4830-9770-F9813C36D0A9}.Release|x64.ActiveCfg = Release|x64
		{21B1FF71-A2E5-4830-9770-F9813C36D0A9}.Release|x64.Build.0 = Release|x64
		{21B1FF71-A2E5-4830-9770-F9813C36D0A9}.Release|x86.ActiveCfg = Release|Win32
		{21B1FF71-A2E5-4830-9770-F9813C36D0A9}.Release|x86.Build.0 = Release|Win32
		{66D46B4F-4D80-44DE-A3E5-C0C74EB5D00D}.Debug|x64.ActiveCfg = Debug|x64
		{66D46B4F-4D80-44DE-A3E5-C0C74EB5D00D}.Debug|x64.Build.0 = Debug|x64
		{66D46B4F-4D80-44DE-A3E5-C0C74EB5D00D}.Debug|x86.ActiveCfg = Debug|Win32
		{66D46B4F-4D80-44DE-A3E5-C0C74EB5D00D}.Debug|x86.Build.0 = Debug|Win32
		{66D46B4F-4D80-44DE-A3E5-C0C74EB5D00D}.Release|x64.ActiveCfg = Release|x64
		{66D46B4F-4D80-44DE-A3E5-C0C74EB5D00D}.Release|x64.Build.0 = Release|x64
		{66D46B4F-4D80-44DE-A3E5-C0C74EB5D00D}.Release|x86.ActiveCfg = Release|Win32
		{66D46B4F-4D80-44DE-A3E5-C0C74EB5D00D}.Release|x86.Build.0 = Release|Win32
	EndGlobalSection
	GlobalSection(SolutionProperties) = preSolution
		HideSolutionNode = FALSE
	EndGlobalSection
	GlobalSection(ExtensibilityGlobals) = postSolution
		SolutionGuid = {66C9FCC9-ED09-4CF4-AF9F-40596B336B53}
	EndGlobalSection
EndGlobal
